
Microsoft Visual Studio Solution File, Format Version 12.00
Project("{FAE04EC0-301F-11D3-BF4B-00C04F79EFBC}") = "PrimeiraAPI", "PrimeiraAPI\PrimeiraAPI.csproj", "{D05222A3-78F2-42B0-ADDB-4EDB4204758A}"
EndProject
Global
	GlobalSection(SolutionConfigurationPlatforms) = preSolution
		Debug|Any CPU = Debug|Any CPU
		Release|Any CPU = Release|Any CPU
	EndGlobalSection
	GlobalSection(ProjectConfigurationPlatforms) = postSolution
		{D05222A3-78F2-42B0-ADDB-4EDB4204758A}.Debug|Any CPU.ActiveCfg = Debug|Any CPU
		{D05222A3-78F2-42B0-ADDB-4EDB4204758A}.Debug|Any CPU.Build.0 = Debug|Any CPU
		{D05222A3-78F2-42B0-ADDB-4EDB4204758A}.Release|Any CPU.ActiveCfg = Release|Any CPU
		{D05222A3-78F2-42B0-ADDB-4EDB4204758A}.Release|Any CPU.Build.0 = Release|Any CPU
	EndGlobalSection
EndGlobal
